
Microsoft Visual Studio Solution File, Format Version 12.00
# Visual Studio Version 17
VisualStudioVersion = 17.6.33801.468
MinimumVisualStudioVersion = 10.0.40219.1
Project("{FAE04EC0-301F-11D3-BF4B-00C04F79EFBC}") = "Main Project", "Main Project\Main Project.csproj", "{AD2BF35D-ABA7-476D-BF2B-527708CC5D76}"
EndProject
Global
	GlobalSection(SolutionConfigurationPlatforms) = preSolution
		Debug|Any CPU = Debug|Any CPU
		Release|Any CPU = Release|Any CPU
	EndGlobalSection
	GlobalSection(ProjectConfigurationPlatforms) = postSolution
		{AD2BF35D-ABA7-476D-BF2B-527708CC5D76}.Debug|Any CPU.ActiveCfg = Debug|Any CPU
		{AD2BF35D-ABA7-476D-BF2B-527708CC5D76}.Debug|Any CPU.Build.0 = Debug|Any CPU
		{AD2BF35D-ABA7-476D-BF2B-527708CC5D76}.Release|Any CPU.ActiveCfg = Release|Any CPU
		{AD2BF35D-ABA7-476D-BF2B-527708CC5D76}.Release|Any CPU.Build.0 = Release|Any CPU
	EndGlobalSection
	GlobalSection(SolutionProperties) = preSolution
		HideSolutionNode = FALSE
	EndGlobalSection
	GlobalSection(ExtensibilityGlobals) = postSolution
		SolutionGuid = {6EA851FC-6030-4D08-95B8-488202D65CA1}
	EndGlobalSection
EndGlobal
